lockfileVersion: '9.0'

settings:
  autoInstallPeers: true
  excludeLinksFromLockfile: false

importers:

  .:
    dependencies:
      dotenv:
        specifier: ^17.4.2
        version: 17.4.2
      swagger-ui-dist:
        specifier: ^5.32.15
        version: 5.32.15
    devDependencies:
      '@types/node':
        specifier: ^22.0.0
        version: 22.20.2
      prettier:
        specifier: ^3.9.5
        version: 3.9.6
      typescript:
        specifier: ^5.0.0
        version: 5.9.3

packages:

  '@scarf/scarf@1.4.0':
    resolution: {integrity: sha512-xxeapPiUXdZAE3che6f3xogoJPeZgig6omHEy1rIY5WVsB3H2BHNnZH+gHG6x91SCWyQCzWGsuL2Hh3ClO5/qQ==}

  '@types/node@22.20.2':
    resolution: {integrity: sha512-xlvWf4Vs9n1PEVYwP1n4vvG07M6y8WgvJ2t0vbrWTmijsIHp1cS+uJ2kMIRdY3nHZK0nCYKrPeD171+SzF4/zw==}

  dotenv@17.4.2:
    resolution: {integrity: sha512-nI4U3TottKAcAD9LLud4Cb7b2QztQMUEfHbvhTH09bqXTxnSie8WnjPALV/WMCrJZ6UV/qHJ6L03OqO3LcdYZw==}
    engines: {node: '>=12'}

  prettier@3.9.6:
    resolution: {integrity: sha512-OpN0zzVdiaiAhxpuuj5efpIS4sY9j7bY6uR5mnj5yPzGkdkjNKSJeUThPb60Jw29QuAZgA4o+/iB49kFiaBX6g==}
    engines: {node: '>=14'}
    hasBin: true

  swagger-ui-dist@5.32.15:
    resolution: {integrity: sha512-TSFER+rFQlf1nzk6WvKkMaHTxAPQ3eAAxigFThnxQedSREanfZgSbJFayZVs/ULnSbNdrJOb99vLD6xpb3R3eg==}

  typescript@5.9.3:
    resolution: {integrity: sha512-jl1vZzPDinLr9eUt3J/t7V6FgNEw9QjvBPdysz9KfQDD41fQrC2Y4vKQdiaUpFT4bXlb1RHhLpp8wtm6M5TgSw==}
    engines: {node: '>=14.17'}
    hasBin: true

  undici-types@6.21.0:
    resolution: {integrity: sha512-iwDZqg0QAGrg9Rav5H4n0M64c3mkR59cJ6wQp+7C4nI0gsmExaedaYLNO44eT4AtBBwjbTiGPMlt2Md0T9H9JQ==}

snapshots:

  '@scarf/scarf@1.4.0': {}

  '@types/node@22.20.2':
    dependencies:
      undici-types: 6.21.0

  dotenv@17.4.2: {}

  prettier@3.9.6: {}

  swagger-ui-dist@5.32.15:
    dependencies:
      '@scarf/scarf': 1.4.0

  typescript@5.9.3: {}

  undici-types@6.21.0: {}
